{
  "R": {
    "Version": "4.3.3",
    "Repositories": [
      {
        "Name": "PPM",
        "URL": "https://packagemanager.posit.co/cran/latest"
      },
      {
        "Name": "CRAN",
        "URL": "https://cloud.r-project.org"
      }
    ]
  },
  "Packages": {
    "DBI": {
      "Package": "DBI",
      "Version": "1.2.3",
      "Source": "Repository",
      "Title": "R Database Interface",
      "Date": "2024-06-02",
      "Authors@R": "c( person(\"R Special Interest Group on Databases (R-SIG-DB)\", role = \"aut\"), person(\"Hadley\", \"Wickham\", role = \"aut\"), person(\"Kirill\", \"Müller\", , \"kirill@cynkra.com\", role = c(\"aut\", \"cre\"), comment = c(ORCID = \"0000-0002-1416-3412\")), person(\"R Consortium\", role = \"fnd\") )",
      "Description": "A database interface definition for communication between R and relational database management systems.  All classes in this package are virtual and need to be extended by the various R/DBMS implementations.",
      "License": "LGPL (>= 2.1)",
      "URL": "https://dbi.r-dbi.org, https://github.com/r-dbi/DBI",
      "BugReports": "https://github.com/r-dbi/DBI/issues",
      "Depends": [
        "methods",
        "R (>= 3.0.0)"
      ],
      "Suggests": [
        "arrow",
        "blob",
        "covr",
        "DBItest",
        "dbplyr",
        "downlit",
        "dplyr",
        "glue",
        "hms",
        "knitr",
        "magrittr",
        "nanoarrow (>= 0.3.0.1)",
        "RMariaDB",
        "rmarkdown",
        "rprojroot",
        "RSQLite (>= 1.1-2)",
        "testthat (>= 3.0.0)",
        "vctrs",
        "xml2"
      ],
      "VignetteBuilder": "knitr",
      "Config/autostyle/scope": "line_breaks",
      "Config/autostyle/strict": "false",
      "Config/Needs/check": "r-dbi/DBItest",
      "Encoding": "UTF-8",
      "RoxygenNote": "7.3.1",
      "Config/Needs/website": "r-dbi/DBItest, r-dbi/dbitemplate, adbi, AzureKusto, bigrquery, DatabaseConnector, dittodb, duckdb, implyr, lazysf, odbc, pool, RAthena, IMSMWU/RClickhouse, RH2, RJDBC, RMariaDB, RMySQL, RPostgres, RPostgreSQL, RPresto, RSQLite, sergeant, sparklyr, withr",
      "Config/testthat/edition": "3",
      "NeedsCompilation": "no",
      "Author": "R Special Interest Group on Databases (R-SIG-DB) [aut], Hadley Wickham [aut], Kirill Müller [aut, cre] (<https://orcid.org/0000-0002-1416-3412>), R Consortium [fnd]",
      "Maintainer": "Kirill Müller <kirill@cynkra.com>",
      "Repository": "RSPM"
    },
    "here": {
      "Package": "here",
      "Version": "1.0.2",
      "Source": "Repository",
      "Title": "A Simpler Way to Find Your Files",
      "Date": "2025-09-06",
      "Authors@R": "c(person(given = \"Kirill\", family = \"M\\u00fcller\", role = c(\"aut\", \"cre\"), email = \"kirill@cynkra.com\", comment = c(ORCID = \"0000-0002-1416-3412\")), person(given = \"Jennifer\", family = \"Bryan\", role = \"ctb\", email = \"jenny@rstudio.com\", comment = c(ORCID = \"0000-0002-6983-2759\")))",
      "Description": "Constructs paths to your project's files. Declare the relative path of a file within your project with 'i_am()'. Use the 'here()' function as a drop-in replacement for 'file.path()', it will always locate the files relative to your project root.",
      "License": "MIT + file LICENSE",
      "URL": "https://here.r-lib.org/, https://github.com/r-lib/here",
      "BugReports": "https://github.com/r-lib/here/issues",
      "Imports": [
        "rprojroot (>= 2.1.0)"
      ],
      "Suggests": [
        "conflicted",
        "covr",
        "fs",
        "knitr",
        "palmerpenguins",
        "plyr",
        "readr",
        "rlang",
        "rmarkdown",
        "testthat",
        "uuid",
        "withr"
      ],
      "VignetteBuilder": "knitr",
      "Encoding": "UTF-8",
      "RoxygenNote": "7.3.3.9000",
      "Config/testthat/edition": "3",
      "Config/Needs/website": "tidyverse/tidytemplate",
      "NeedsCompilation": "no",
      "Author": "Kirill Müller [aut, cre] (ORCID: <https://orcid.org/0000-0002-1416-3412>), Jennifer Bryan [ctb] (ORCID: <https://orcid.org/0000-0002-6983-2759>)",
      "Maintainer": "Kirill Müller <kirill@cynkra.com>",
      "Repository": "RSPM"
    },
    "jsonlite": {
      "Package": "jsonlite",
      "Version": "2.0.0",
      "Source": "Repository",
      "Title": "A Simple and Robust JSON Parser and Generator for R",
      "License": "MIT + file LICENSE",
      "Depends": [
        "methods"
      ],
      "Authors@R": "c( person(\"Jeroen\", \"Ooms\", role = c(\"aut\", \"cre\"), email = \"jeroenooms@gmail.com\", comment = c(ORCID = \"0000-0002-4035-0289\")), person(\"Duncan\", \"Temple Lang\", role = \"ctb\"), person(\"Lloyd\", \"Hilaiel\", role = \"cph\", comment=\"author of bundled libyajl\"))",
      "URL": "https://jeroen.r-universe.dev/jsonlite https://arxiv.org/abs/1403.2805",
      "BugReports": "https://github.com/jeroen/jsonlite/issues",
      "Maintainer": "Jeroen Ooms <jeroenooms@gmail.com>",
      "VignetteBuilder": "knitr, R.rsp",
      "Description": "A reasonably fast JSON parser and generator, optimized for statistical  data and the web. Offers simple, flexible tools for working with JSON in R, and is particularly powerful for building pipelines and interacting with a web API.  The implementation is based on the mapping described in the vignette (Ooms, 2014). In addition to converting JSON data from/to R objects, 'jsonlite' contains  functions to stream, validate, and prettify JSON data. The unit tests included  with the package verify that all edge cases are encoded and decoded consistently  for use with dynamic data in systems and applications.",
      "Suggests": [
        "httr",
        "vctrs",
        "testthat",
        "knitr",
        "rmarkdown",
        "R.rsp",
        "sf"
      ],
      "RoxygenNote": "7.3.2",
      "Encoding": "UTF-8",
      "NeedsCompilation": "yes",
      "Author": "Jeroen Ooms [aut, cre] (<https://orcid.org/0000-0002-4035-0289>), Duncan Temple Lang [ctb], Lloyd Hilaiel [cph] (author of bundled libyajl)",
      "Repository": "RSPM"
    },
    "rprojroot": {
      "Package": "rprojroot",
      "Version": "2.1.1",
      "Source": "Repository",
      "Title": "Finding Files in Project Subdirectories",
      "Authors@R": "person(given = \"Kirill\", family = \"M\\u00fcller\", role = c(\"aut\", \"cre\"), email = \"kirill@cynkra.com\", comment = c(ORCID = \"0000-0002-1416-3412\"))",
      "Description": "Robust, reliable and flexible paths to files below a project root. The 'root' of a project is defined as a directory that matches a certain criterion, e.g., it contains a certain regular file.",
      "License": "MIT + file LICENSE",
      "URL": "https://rprojroot.r-lib.org/, https://github.com/r-lib/rprojroot",
      "BugReports": "https://github.com/r-lib/rprojroot/issues",
      "Depends": [
        "R (>= 3.0.0)"
      ],
      "Suggests": [
        "covr",
        "knitr",
        "lifecycle",
        "rlang",
        "rmarkdown",
        "testthat (>= 3.2.0)",
        "withr"
      ],
      "VignetteBuilder": "knitr",
      "Config/testthat/edition": "3",
      "Encoding": "UTF-8",
      "RoxygenNote": "7.3.2.9000",
      "Config/autostyle/scope": "line_breaks",
      "Config/autostyle/strict": "true",
      "Config/Needs/website": "tidyverse/tidytemplate",
      "NeedsCompilation": "no",
      "Author": "Kirill Müller [aut, cre] (ORCID: <https://orcid.org/0000-0002-1416-3412>)",
      "Maintainer": "Kirill Müller <kirill@cynkra.com>",
      "Repository": "RSPM"
    }
  }
}
